
Microsoft Visual Studio Solution File, Format Version 12.00
# Visual Studio Version 17
VisualStudioVersion = 17.4.33213.308
MinimumVisualStudioVersion = 10.0.40219.1
Project("{FAE04EC0-301F-11D3-BF4B-00C04F79EFBC}") = "PROJECT_ES", "PROJECT_ES\PROJECT_ES.csproj", "{A3D923A8-4786-4047-99E2-0B5CE4AFCC96}"
EndProject
Global
	GlobalSection(SolutionConfigurationPlatforms) = preSolution
		Debug|Any CPU = Debug|Any CPU
		Release|Any CPU = Release|Any CPU
	EndGlobalSection
	GlobalSection(ProjectConfigurationPlatforms) = postSolution
		{A3D923A8-4786-4047-99E2-0B5CE4AFCC96}.Debug|Any CPU.ActiveCfg = Debug|Any CPU
		{A3D923A8-4786-4047-99E2-0B5CE4AFCC96}.Debug|Any CPU.Build.0 = Debug|Any CPU
		{A3D923A8-4786-4047-99E2-0B5CE4AFCC96}.Release|Any CPU.ActiveCfg = Release|Any CPU
		{A3D923A8-4786-4047-99E2-0B5CE4AFCC96}.Release|Any CPU.Build.0 = Release|Any CPU
	EndGlobalSection
	GlobalSection(SolutionProperties) = preSolution
		HideSolutionNode = FALSE
	EndGlobalSection
	GlobalSection(ExtensibilityGlobals) = postSolution
		SolutionGuid = {C4FD3098-158C-476E-BB90-C8BD522476D3}
	EndGlobalSection
EndGlobal
